PODS:
  - Alamofire (4.7.3)
  - CardIO (5.4.1)
  - CircleProgressBar (0.32)
  - PayPal-iOS-SDK (2.18.1):
    - PayPal-iOS-SDK/CardIO (= 2.18.1)
    - PayPal-iOS-SDK/Core (= 2.18.1)
  - PayPal-iOS-SDK/CardIO (2.18.1):
    - CardIO (~> 5.4.1)
  - PayPal-iOS-SDK/Core (2.18.1)
  - SwiftyJSON (4.2.0)

DEPENDENCIES:
  - Alamofire
  - CircleProgressBar
  - PayPal-iOS-SDK
  - SwiftyJSON

SPEC REPOS:
  https://github.com/CocoaPods/Specs.git:
    - Alamofire
    - CardIO
    - CircleProgressBar
    - PayPal-iOS-SDK
    - SwiftyJSON

SPEC CHECKSUMS:
  Alamofire: c7287b6e5d7da964a70935e5db17046b7fde6568
  CardIO: 56983b39b62f495fc6dae9ad7cf875143df06443
  CircleProgressBar: 3920079be5224b62b3d9ed6eeb23ac01c835b681
  PayPal-iOS-SDK: 10654cd111e911a9807bddb96fae81aacb8e9915
  SwiftyJSON: c4bcba26dd9ec7a027fc8eade48e2c911f229e96

PODFILE CHECKSUM: ac19fa1460558bdf63ab0ab59dffb80c57f0c588

COCOAPODS: 1.5.0
