PODS:
  - Alamofire (4.7.1)
  - CardIO (5.4.1)
  - CircleProgressBar (0.32)
  - PayPal-iOS-SDK (2.18.1):
    - PayPal-iOS-SDK/CardIO (= 2.18.1)
    - PayPal-iOS-SDK/Core (= 2.18.1)
  - PayPal-iOS-SDK/CardIO (2.18.1):
    - CardIO (~> 5.4.1)
  - PayPal-iOS-SDK/Core (2.18.1)
  - SwiftyJSON (4.0.0)

DEPENDENCIES:
  - Alamofire
  - CircleProgressBar
  - PayPal-iOS-SDK
  - SwiftyJSON

SPEC REPOS:
  https://github.com/CocoaPods/Specs.git:
    - Alamofire
    - CardIO
    - CircleProgressBar
    - PayPal-iOS-SDK
    - SwiftyJSON

SPEC CHECKSUMS:
  Alamofire: 68d7d521118d49c615a8d2214d87cdf525599d30
  CardIO: 56983b39b62f495fc6dae9ad7cf875143df06443
  CircleProgressBar: 3920079be5224b62b3d9ed6eeb23ac01c835b681
  PayPal-iOS-SDK: 10654cd111e911a9807bddb96fae81aacb8e9915
  SwiftyJSON: 070dabdcb1beb81b247c65ffa3a79dbbfb3b48aa

PODFILE CHECKSUM: f7e660f910908ed329a416cab404b9ccea21a08c

COCOAPODS: 1.5.0
